{
  "name": "electron-react-boilerplate",
  "version": "2.3.0",
  "lockfileVersion": 1,
  "requires": true,
  "dependencies": {
    "@types/node": {
      "version": "14.14.28",
      "resolved": "https://registry.npm.taobao.org/@types/node/download/@types/node-14.14.28.tgz?cache=0&sync_timestamp=1613331197140&other_urls=https%3A%2F%2Fregistry.npm.taobao.org%2F%40types%2Fnode%2Fdownload%2F%40types%2Fnode-14.14.28.tgz",
      "integrity": "sha1-yt5LZPhDj1iJUaazWEPOU2hT8ls=",
      "dev": true
    },
    "@types/node-xlsx": {
      "version": "0.15.1",
      "resolved": "https://registry.npm.taobao.org/@types/node-xlsx/download/@types/node-xlsx-0.15.1.tgz",
      "integrity": "sha1-9cFdL3uOAHTWPWmaEG2i/PPD6zg=",
      "dev": true
    },
    "@types/random-useragent": {
      "version": "0.3.0",
      "resolved": "https://registry.npm.taobao.org/@types/random-useragent/download/@types/random-useragent-0.3.0.tgz",
      "integrity": "sha1-WsNwMC7H/ZlsFYKzMmbx2np5Oik=",
      "dev": true
    },
    "@types/tunnel": {
      "version": "0.0.1",
      "resolved": "https://registry.npm.taobao.org/@types/tunnel/download/@types/tunnel-0.0.1.tgz",
      "integrity": "sha1-DXJ3R2i3PfJvJd+RhCc6QtpysZw=",
      "dev": true,
      "requires": {
        "@types/node": "*"
      }
    }
  }
}
